{
  "name": "fsify",
  "version": "6.0.0",
  "lockfileVersion": 3,
  "requires": true,
  "packages": {
    "": {
      "name": "fsify",
      "version": "6.0.0",
      "license": "MIT",
      "dependencies": {
        "del": "^6.0.0",
        "is-path-inside": "^3.0.0",
        "is-plain-obj": "^3.0.0",
        "slash": "^3.0.0"
      },
      "devDependencies": {
        "@electerious/prettier-config": "^3.0.0",
        "prettier": "^3.6.2"
      }
    },
    "node_modules/@electerious/prettier-config": {
      "version": "3.0.0",
      "resolved": "https://registry.npmjs.org/@electerious/prettier-config/-/prettier-config-3.0.0.tgz",
      "integrity": "sha512-83wD7yHJaZDhX9gtL/W1Bv90h403xA7p4A/oUcnCG2s85ozCldBekUyiZUSDfe2RvtovwlaR1+xyjwQ0NwjXzA==",
      "dev": true,
      "license": "MIT",
      "dependencies": {
        "prettier-plugin-css-order": "^2.1.2",
        "prettier-plugin-organize-imports": "^4.2.0",
        "prettier-plugin-packagejson": "^2.5.19"
      },
      "engines": {
        "node": ">= 18"
      },
      "peerDependencies": {
        "prettier": ">=3.0.0"
      }
    },
    "node_modules/@nodelib/fs.scandir": {
      "version": "2.1.5",
      "resolved": "https://registry.npmjs.org/@nodelib/fs.scandir/-/fs.scandir-2.1.5.tgz",
      "integrity": "sha512-vq24Bq3ym5HEQm2NKCr3yXDwjc7vTsEThRDnkp2DK9p1uqLR+DHurm/NOTo0KG7HYHU7eppKZj3MyqYuMBf62g==",
      "license": "MIT",
      "dependencies": {
        "@nodelib/fs.stat": "2.0.5",
        "run-parallel": "^1.1.9"
      },
      "engines": {
        "node": ">= 8"
      }
    },
    "node_modules/@nodelib/fs.stat": {
      "version": "2.0.5",
      "resolved": "https://registry.npmjs.org/@nodelib/fs.stat/-/fs.stat-2.0.5.tgz",
      "integrity": "sha512-RkhPPp2zrqDAQA/2jNhnztcPAlv64XdhIp7a7454A5ovI7Bukxgt7MX7udwAu3zg1DcpPU0rz3VV1SeaqvY4+A==",
      "license": "MIT",
      "engines": {
        "node": ">= 8"
      }
    },
    "node_modules/@nodelib/fs.walk": {
      "version": "1.2.8",
      "resolved": "https://registry.npmjs.org/@nodelib/fs.walk/-/fs.walk-1.2.8.tgz",
      "integrity": "sha512-oGB+UxlgWcgQkgwo8GcEGwemoTFt3FIO9ababBmaGwXIoBKZ+GTy0pP185beGg7Llih/NSHSV2XAs1lnznocSg==",
      "license": "MIT",
      "dependencies": {
        "@nodelib/fs.scandir": "2.1.5",
        "fastq": "^1.6.0"
      },
      "engines": {
        "node": ">= 8"
      }
    },
    "node_modules/@pkgr/core": {
      "version": "0.2.9",
      "resolved": "https://registry.npmjs.org/@pkgr/core/-/core-0.2.9.tgz",
      "integrity": "sha512-QNqXyfVS2wm9hweSYD2O7F0G06uurj9kZ96TRQE5Y9hU7+tgdZwIkbAKc5Ocy1HxEY2kuDQa6cQ1WRs/O5LFKA==",
      "dev": true,
      "license": "MIT",
      "engines": {
        "node": "^12.20.0 || ^14.18.0 || >=16.0.0"
      },
      "funding": {
        "url": "https://opencollective.com/pkgr"
      }
    },
    "node_modules/aggregate-error": {
      "version": "3.1.0",
      "resolved": "https://registry.npmjs.org/aggregate-error/-/aggregate-error-3.1.0.tgz",
      "integrity": "sha512-4I7Td01quW/RpocfNayFdFVk1qSuoh0E7JrbRJ16nH01HhKFQ88INq9Sd+nd72zqRySlr9BmDA8xlEJ6vJMrYA==",
      "license": "MIT",
      "dependencies": {
        "clean-stack": "^2.0.0",
        "indent-string": "^4.0.0"
      },
      "engines": {
        "node": ">=8"
      }
    },
    "node_modules/array-union": {
      "version": "2.1.0",
      "resolved": "https://registry.npmjs.org/array-union/-/array-union-2.1.0.tgz",
      "integrity": "sha512-HGyxoOTYUyCM6stUe6EJgnd4EoewAI7zMdfqO+kGjnlZmBDz/cR5pf8r/cR4Wq60sL/p0IkcjUEEPwS3GFrIyw==",
      "license": "MIT",
      "engines": {
        "node": ">=8"
      }
    },
    "node_modules/balanced-match": {
      "version": "1.0.2",
      "resolved": "https://registry.npmjs.org/balanced-match/-/balanced-match-1.0.2.tgz",
      "integrity": "sha512-3oSeUO0TMV67hN1AmbXsK4yaqU7tjiHlbxRDZOpH0KW9+CeX4bRAaX0Anxt0tx2MrpRpWwQaPwIlISEJhYU5Pw==",
      "license": "MIT"
    },
    "node_modules/brace-expansion": {
      "version": "1.1.12",
      "resolved": "https://registry.npmjs.org/brace-expansion/-/brace-expansion-1.1.12.tgz",
      "integrity": "sha512-9T9UjW3r0UW5c1Q7GTwllptXwhvYmEzFhzMfZ9H7FQWt+uZePjZPjBP/W1ZEyZ1twGWom5/56TF4lPcqjnDHcg==",
      "license": "MIT",
      "dependencies": {
        "balanced-match": "^1.0.0",
        "concat-map": "0.0.1"
      }
    },
    "node_modules/braces": {
      "version": "3.0.3",
      "resolved": "https://registry.npmjs.org/braces/-/braces-3.0.3.tgz",
      "integrity": "sha512-yQbXgO/OSZVD2IsiLlro+7Hf6Q18EJrKSEsdoMzKePKXct3gvD8oLcOQdIzGupr5Fj+EDe8gO/lxc1BzfMpxvA==",
      "license": "MIT",
      "dependencies": {
        "fill-range": "^7.1.1"
      },
      "engines": {
        "node": ">=8"
      }
    },
    "node_modules/clean-stack": {
      "version": "2.2.0",
      "resolved": "https://registry.npmjs.org/clean-stack/-/clean-stack-2.2.0.tgz",
      "integrity": "sha512-4diC9HaTE+KRAMWhDhrGOECgWZxoevMc5TlkObMqNSsVU62PYzXZ/SMTjzyGAFF1YusgxGcSWTEXBhp0CPwQ1A==",
      "license": "MIT",
      "engines": {
        "node": ">=6"
      }
    },
    "node_modules/concat-map": {
      "version": "0.0.1",
      "resolved": "https://registry.npmjs.org/concat-map/-/concat-map-0.0.1.tgz",
      "integrity": "sha512-/Srv4dswyQNBfohGpz9o6Yb3Gz3SrUDqBH5rTuhGR7ahtlbYKnVxw2bCFMRljaA7EXHaXZ8wsHdodFvbkhKmqg==",
      "license": "MIT"
    },
    "node_modules/css-declaration-sorter": {
      "version": "7.2.0",
      "resolved": "https://registry.npmjs.org/css-declaration-sorter/-/css-declaration-sorter-7.2.0.tgz",
      "integrity": "sha512-h70rUM+3PNFuaBDTLe8wF/cdWu+dOZmb7pJt8Z2sedYbAcQVQV/tEchueg3GWxwqS0cxtbxmaHEdkNACqcvsow==",
      "dev": true,
      "license": "ISC",
      "engines": {
        "node": "^14 || ^16 || >=18"
      },
      "peerDependencies": {
        "postcss": "^8.0.9"
      }
    },
    "node_modules/del": {
      "version": "6.1.1",
      "resolved": "https://registry.npmjs.org/del/-/del-6.1.1.tgz",
      "integrity": "sha512-ua8BhapfP0JUJKC/zV9yHHDW/rDoDxP4Zhn3AkA6/xT6gY7jYXJiaeyBZznYVujhZZET+UgcbZiQ7sN3WqcImg==",
      "license": "MIT",
      "dependencies": {
        "globby": "^11.0.1",
        "graceful-fs": "^4.2.4",
        "is-glob": "^4.0.1",
        "is-path-cwd": "^2.2.0",
        "is-path-inside": "^3.0.2",
        "p-map": "^4.0.0",
        "rimraf": "^3.0.2",
        "slash": "^3.0.0"
      },
      "engines": {
        "node": ">=10"
      },
      "funding": {
        "url": "https://github.com/sponsors/sindresorhus"
      }
    },
    "node_modules/detect-indent": {
      "version": "7.0.1",
      "resolved": "https://registry.npmjs.org/detect-indent/-/detect-indent-7.0.1.tgz",
      "integrity": "sha512-Mc7QhQ8s+cLrnUfU/Ji94vG/r8M26m8f++vyres4ZoojaRDpZ1eSIh/EpzLNwlWuvzSZ3UbDFspjFvTDXe6e/g==",
      "dev": true,
      "license": "MIT",
      "engines": {
        "node": ">=12.20"
      }
    },
    "node_modules/detect-newline": {
      "version": "4.0.1",
      "resolved": "https://registry.npmjs.org/detect-newline/-/detect-newline-4.0.1.tgz",
      "integrity": "sha512-qE3Veg1YXzGHQhlA6jzebZN2qVf6NX+A7m7qlhCGG30dJixrAQhYOsJjsnBjJkCSmuOPpCk30145fr8FV0bzog==",
      "dev": true,
      "license": "MIT",
      "engines": {
        "node": "^12.20.0 || ^14.13.1 || >=16.0.0"
      },
      "funding": {
        "url": "https://github.com/sponsors/sindresorhus"
      }
    },
    "node_modules/dir-glob": {
      "version": "3.0.1",
      "resolved": "https://registry.npmjs.org/dir-glob/-/dir-glob-3.0.1.tgz",
      "integrity": "sha512-WkrWp9GR4KXfKGYzOLmTuGVi1UWFfws377n9cc55/tb6DuqyF6pcQ5AbiHEshaDpY9v6oaSr2XCDidGmMwdzIA==",
      "license": "MIT",
      "dependencies": {
        "path-type": "^4.0.0"
      },
      "engines": {
        "node": ">=8"
      }
    },
    "node_modules/fast-glob": {
      "version": "3.3.3",
      "resolved": "https://registry.npmjs.org/fast-glob/-/fast-glob-3.3.3.tgz",
      "integrity": "sha512-7MptL8U0cqcFdzIzwOTHoilX9x5BrNqye7Z/LuC7kCMRio1EMSyqRK3BEAUD7sXRq4iT4AzTVuZdhgQ2TCvYLg==",
      "license": "MIT",
      "dependencies": {
        "@nodelib/fs.stat": "^2.0.2",
        "@nodelib/fs.walk": "^1.2.3",
        "glob-parent": "^5.1.2",
        "merge2": "^1.3.0",
        "micromatch": "^4.0.8"
      },
      "engines": {
        "node": ">=8.6.0"
      }
    },
    "node_modules/fast-glob/node_modules/glob-parent": {
      "version": "5.1.2",
      "resolved": "https://registry.npmjs.org/glob-parent/-/glob-parent-5.1.2.tgz",
      "integrity": "sha512-AOIgSQCepiJYwP3ARnGx+5VnTu2HBYdzbGP45eLw1vr3zB3vZLeyed1sC9hnbcOc9/SrMyM5RPQrkGz4aS9Zow==",
      "license": "ISC",
      "dependencies": {
        "is-glob": "^4.0.1"
      },
      "engines": {
        "node": ">= 6"
      }
    },
    "node_modules/fastq": {
      "version": "1.19.1",
      "resolved": "https://registry.npmjs.org/fastq/-/fastq-1.19.1.tgz",
      "integrity": "sha512-GwLTyxkCXjXbxqIhTsMI2Nui8huMPtnxg7krajPJAjnEG/iiOS7i+zCtWGZR9G0NBKbXKh6X9m9UIsYX/N6vvQ==",
      "license": "ISC",
      "dependencies": {
        "reusify": "^1.0.4"
      }
    },
    "node_modules/fill-range": {
      "version": "7.1.1",
      "resolved": "https://registry.npmjs.org/fill-range/-/fill-range-7.1.1.tgz",
      "integrity": "sha512-YsGpe3WHLK8ZYi4tWDg2Jy3ebRz2rXowDxnld4bkQB00cc/1Zw9AWnC0i9ztDJitivtQvaI9KaLyKrc+hBW0yg==",
      "license": "MIT",
      "dependencies": {
        "to-regex-range": "^5.0.1"
      },
      "engines": {
        "node": ">=8"
      }
    },
    "node_modules/fs.realpath": {
      "version": "1.0.0",
      "resolved": "https://registry.npmjs.org/fs.realpath/-/fs.realpath-1.0.0.tgz",
      "integrity": "sha512-OO0pH2lK6a0hZnAdau5ItzHPI6pUlvI7jMVnxUQRtw4owF2wk8lOSabtGDCTP4Ggrg2MbGnWO9X8K1t4+fGMDw==",
      "license": "ISC"
    },
    "node_modules/git-hooks-list": {
      "version": "4.1.1",
      "resolved": "https://registry.npmjs.org/git-hooks-list/-/git-hooks-list-4.1.1.tgz",
      "integrity": "sha512-cmP497iLq54AZnv4YRAEMnEyQ1eIn4tGKbmswqwmFV4GBnAqE8NLtWxxdXa++AalfgL5EBH4IxTPyquEuGY/jA==",
      "dev": true,
      "license": "MIT",
      "funding": {
        "url": "https://github.com/fisker/git-hooks-list?sponsor=1"
      }
    },
    "node_modules/globby": {
      "version": "11.1.0",
      "resolved": "https://registry.npmjs.org/globby/-/globby-11.1.0.tgz",
      "integrity": "sha512-jhIXaOzy1sb8IyocaruWSn1TjmnBVs8Ayhcy83rmxNJ8q2uWKCAj3CnJY+KpGSXCueAPc0i05kVvVKtP1t9S3g==",
      "license": "MIT",
      "dependencies": {
        "array-union": "^2.1.0",
        "dir-glob": "^3.0.1",
        "fast-glob": "^3.2.9",
        "ignore": "^5.2.0",
        "merge2": "^1.4.1",
        "slash": "^3.0.0"
      },
      "engines": {
        "node": ">=10"
      },
      "funding": {
        "url": "https://github.com/sponsors/sindresorhus"
      }
    },
    "node_modules/graceful-fs": {
      "version": "4.2.11",
      "resolved": "https://registry.npmjs.org/graceful-fs/-/graceful-fs-4.2.11.tgz",
      "integrity": "sha512-RbJ5/jmFcNNCcDV5o9eTnBLJ/HszWV0P73bc+Ff4nS/rJj+YaS6IGyiOL0VoBYX+l1Wrl3k63h/KrH+nhJ0XvQ==",
      "license": "ISC"
    },
    "node_modules/ignore": {
      "version": "5.3.2",
      "resolved": "https://registry.npmjs.org/ignore/-/ignore-5.3.2.tgz",
      "integrity": "sha512-hsBTNUqQTDwkWtcdYI2i06Y/nUBEsNEDJKjWdigLvegy8kDuJAS8uRlpkkcQpyEXL0Z/pjDy5HBmMjRCJ2gq+g==",
      "license": "MIT",
      "engines": {
        "node": ">= 4"
      }
    },
    "node_modules/indent-string": {
      "version": "4.0.0",
      "resolved": "https://registry.npmjs.org/indent-string/-/indent-string-4.0.0.tgz",
      "integrity": "sha512-EdDDZu4A2OyIK7Lr/2zG+w5jmbuk1DVBnEwREQvBzspBJkCEbRa8GxU1lghYcaGJCnRWibjDXlq779X1/y5xwg==",
      "license": "MIT",
      "engines": {
        "node": ">=8"
      }
    },
    "node_modules/inflight": {
      "version": "1.0.6",
      "resolved": "https://registry.npmjs.org/inflight/-/inflight-1.0.6.tgz",
      "integrity": "sha512-k92I/b08q4wvFscXCLvqfsHCrjrF7yiXsQuIVvVE7N82W3+aqpzuUdBbfhWcy/FZR3/4IgflMgKLOsvPDrGCJA==",
      "deprecated": "This module is not supported, and leaks memory. Do not use it. Check out lru-cache if you want a good and tested way to coalesce async requests by a key value, which is much more comprehensive and powerful.",
      "license": "ISC",
      "dependencies": {
        "once": "^1.3.0",
        "wrappy": "1"
      }
    },
    "node_modules/inherits": {
      "version": "2.0.4",
      "resolved": "https://registry.npmjs.org/inherits/-/inherits-2.0.4.tgz",
      "integrity": "sha512-k/vGaX4/Yla3WzyMCvTQOXYeIHvqOKtnqBduzTHpzpQZzAskKMhZ2K+EnBiSM9zGSoIFeMpXKxa4dYeZIQqewQ==",
      "license": "ISC"
    },
    "node_modules/is-extglob": {
      "version": "2.1.1",
      "resolved": "https://registry.npmjs.org/is-extglob/-/is-extglob-2.1.1.tgz",
      "integrity": "sha512-SbKbANkN603Vi4jEZv49LeVJMn4yGwsbzZworEoyEiutsN3nJYdbO36zfhGJ6QEDpOZIFkDtnq5JRxmvl3jsoQ==",
      "license": "MIT",
      "engines": {
        "node": ">=0.10.0"
      }
    },
    "node_modules/is-glob": {
      "version": "4.0.3",
      "resolved": "https://registry.npmjs.org/is-glob/-/is-glob-4.0.3.tgz",
      "integrity": "sha512-xelSayHH36ZgE7ZWhli7pW34hNbNl8Ojv5KVmkJD4hBdD3th8Tfk9vYasLM+mXWOZhFkgZfxhLSnrwRr4elSSg==",
      "license": "MIT",
      "dependencies": {
        "is-extglob": "^2.1.1"
      },
      "engines": {
        "node": ">=0.10.0"
      }
    },
    "node_modules/is-number": {
      "version": "7.0.0",
      "resolved": "https://registry.npmjs.org/is-number/-/is-number-7.0.0.tgz",
      "integrity": "sha512-41Cifkg6e8TylSpdtTpeLVMqvSBEVzTttHvERD741+pnZ8ANv0004MRL43QKPDlK9cGvNp6NZWZUBlbGXYxxng==",
      "license": "MIT",
      "engines": {
        "node": ">=0.12.0"
      }
    },
    "node_modules/is-path-cwd": {
      "version": "2.2.0",
      "resolved": "https://registry.npmjs.org/is-path-cwd/-/is-path-cwd-2.2.0.tgz",
      "integrity": "sha512-w942bTcih8fdJPJmQHFzkS76NEP8Kzzvmw92cXsazb8intwLqPibPPdXf4ANdKV3rYMuuQYGIWtvz9JilB3NFQ==",
      "license": "MIT",
      "engines": {
        "node": ">=6"
      }
    },
    "node_modules/is-path-inside": {
      "version": "3.0.3",
      "resolved": "https://registry.npmjs.org/is-path-inside/-/is-path-inside-3.0.3.tgz",
      "integrity": "sha512-Fd4gABb+ycGAmKou8eMftCupSir5lRxqf4aD/vd0cD2qc4HL07OjCeuHMr8Ro4CoMaeCKDB0/ECBOVWjTwUvPQ==",
      "license": "MIT",
      "engines": {
        "node": ">=8"
      }
    },
    "node_modules/is-plain-obj": {
      "version": "3.0.0",
      "resolved": "https://registry.npmjs.org/is-plain-obj/-/is-plain-obj-3.0.0.tgz",
      "integrity": "sha512-gwsOE28k+23GP1B6vFl1oVh/WOzmawBrKwo5Ev6wMKzPkaXaCDIQKzLnvsA42DRlbVTWorkgTKIviAKCWkfUwA==",
      "license": "MIT",
      "engines": {
        "node": ">=10"
      },
      "funding": {
        "url": "https://github.com/sponsors/sindresorhus"
      }
    },
    "node_modules/merge2": {
      "version": "1.4.1",
      "resolved": "https://registry.npmjs.org/merge2/-/merge2-1.4.1.tgz",
      "integrity": "sha512-8q7VEgMJW4J8tcfVPy8g09NcQwZdbwFEqhe/WZkoIzjn/3TGDwtOCYtXGxA3O8tPzpczCCDgv+P2P5y00ZJOOg==",
      "license": "MIT",
      "engines": {
        "node": ">= 8"
      }
    },
    "node_modules/micromatch": {
      "version": "4.0.8",
      "resolved": "https://registry.npmjs.org/micromatch/-/micromatch-4.0.8.tgz",
      "integrity": "sha512-PXwfBhYu0hBCPw8Dn0E+WDYb7af3dSLVWKi3HGv84IdF4TyFoC0ysxFd0Goxw7nSv4T/PzEJQxsYsEiFCKo2BA==",
      "license": "MIT",
      "dependencies": {
        "braces": "^3.0.3",
        "picomatch": "^2.3.1"
      },
      "engines": {
        "node": ">=8.6"
      }
    },
    "node_modules/minimatch": {
      "version": "3.1.2",
      "resolved": "https://registry.npmjs.org/minimatch/-/minimatch-3.1.2.tgz",
      "integrity": "sha512-J7p63hRiAjw1NDEww1W7i37+ByIrOWO5XQQAzZ3VOcL0PNybwpfmV/N05zFAzwQ9USyEcX6t3UO+K5aqBQOIHw==",
      "license": "ISC",
      "dependencies": {
        "brace-expansion": "^1.1.7"
      },
      "engines": {
        "node": "*"
      }
    },
    "node_modules/nanoid": {
      "version": "3.3.11",
      "resolved": "https://registry.npmjs.org/nanoid/-/nanoid-3.3.11.tgz",
      "integrity": "sha512-N8SpfPUnUp1bK+PMYW8qSWdl9U+wwNWI4QKxOYDy9JAro3WMX7p2OeVRF9v+347pnakNevPmiHhNmZ2HbFA76w==",
      "dev": true,
      "funding": [
        {
          "type": "github",
          "url": "https://github.com/sponsors/ai"
        }
      ],
      "license": "MIT",
      "peer": true,
      "bin": {
        "nanoid": "bin/nanoid.cjs"
      },
      "engines": {
        "node": "^10 || ^12 || ^13.7 || ^14 || >=15.0.1"
      }
    },
    "node_modules/once": {
      "version": "1.4.0",
      "resolved": "https://registry.npmjs.org/once/-/once-1.4.0.tgz",
      "integrity": "sha512-lNaJgI+2Q5URQBkccEKHTQOPaXdUxnZZElQTZY0MFUAuaEqe1E+Nyvgdz/aIyNi6Z9MzO5dv1H8n58/GELp3+w==",
      "license": "ISC",
      "dependencies": {
        "wrappy": "1"
      }
    },
    "node_modules/p-map": {
      "version": "4.0.0",
      "resolved": "https://registry.npmjs.org/p-map/-/p-map-4.0.0.tgz",
      "integrity": "sha512-/bjOqmgETBYB5BoEeGVea8dmvHb2m9GLy1E9W43yeyfP6QQCZGFNa+XRceJEuDB6zqr+gKpIAmlLebMpykw/MQ==",
      "license": "MIT",
      "dependencies": {
        "aggregate-error": "^3.0.0"
      },
      "engines": {
        "node": ">=10"
      },
      "funding": {
        "url": "https://github.com/sponsors/sindresorhus"
      }
    },
    "node_modules/path-is-absolute": {
      "version": "1.0.1",
      "resolved": "https://registry.npmjs.org/path-is-absolute/-/path-is-absolute-1.0.1.tgz",
      "integrity": "sha512-AVbw3UJ2e9bq64vSaS9Am0fje1Pa8pbGqTTsmXfaIiMpnr5DlDhfJOuLj9Sf95ZPVDAUerDfEk88MPmPe7UCQg==",
      "license": "MIT",
      "engines": {
        "node": ">=0.10.0"
      }
    },
    "node_modules/path-type": {
      "version": "4.0.0",
      "resolved": "https://registry.npmjs.org/path-type/-/path-type-4.0.0.tgz",
      "integrity": "sha512-gDKb8aZMDeD/tZWs9P6+q0J9Mwkdl6xMV8TjnGP3qJVJ06bdMgkbBlLU8IdfOsIsFz2BW1rNVT3XuNEl8zPAvw==",
      "license": "MIT",
      "engines": {
        "node": ">=8"
      }
    },
    "node_modules/picocolors": {
      "version": "1.1.1",
      "resolved": "https://registry.npmjs.org/picocolors/-/picocolors-1.1.1.tgz",
      "integrity": "sha512-xceH2snhtb5M9liqDsmEw56le376mTZkEX/jEb/RxNFyegNul7eNslCXP9FDj/Lcu0X8KEyMceP2ntpaHrDEVA==",
      "dev": true,
      "license": "ISC",
      "peer": true
    },
    "node_modules/picomatch": {
      "version": "2.3.1",
      "resolved": "https://registry.npmjs.org/picomatch/-/picomatch-2.3.1.tgz",
      "integrity": "sha512-JU3teHTNjmE2VCGFzuY8EXzCDVwEqB2a8fsIvwaStHhAWJEeVd1o1QD80CU6+ZdEXXSLbSsuLwJjkCBWqRQUVA==",
      "license": "MIT",
      "engines": {
        "node": ">=8.6"
      },
      "funding": {
        "url": "https://github.com/sponsors/jonschlinkert"
      }
    },
    "node_modules/postcss": {
      "version": "8.5.6",
      "resolved": "https://registry.npmjs.org/postcss/-/postcss-8.5.6.tgz",
      "integrity": "sha512-3Ybi1tAuwAP9s0r1UQ2J4n5Y0G05bJkpUIO0/bI9MhwmD70S5aTWbXGBwxHrelT+XM1k6dM0pk+SwNkpTRN7Pg==",
      "dev": true,
      "funding": [
        {
          "type": "opencollective",
          "url": "https://opencollective.com/postcss/"
        },
        {
          "type": "tidelift",
          "url": "https://tidelift.com/funding/github/npm/postcss"
        },
        {
          "type": "github",
          "url": "https://github.com/sponsors/ai"
        }
      ],
      "license": "MIT",
      "peer": true,
      "dependencies": {
        "nanoid": "^3.3.11",
        "picocolors": "^1.1.1",
        "source-map-js": "^1.2.1"
      },
      "engines": {
        "node": "^10 || ^12 || >=14"
      }
    },
    "node_modules/postcss-less": {
      "version": "6.0.0",
      "resolved": "https://registry.npmjs.org/postcss-less/-/postcss-less-6.0.0.tgz",
      "integrity": "sha512-FPX16mQLyEjLzEuuJtxA8X3ejDLNGGEG503d2YGZR5Ask1SpDN8KmZUMpzCvyalWRywAn1n1VOA5dcqfCLo5rg==",
      "dev": true,
      "license": "MIT",
      "engines": {
        "node": ">=12"
      },
      "peerDependencies": {
        "postcss": "^8.3.5"
      }
    },
    "node_modules/postcss-scss": {
      "version": "4.0.9",
      "resolved": "https://registry.npmjs.org/postcss-scss/-/postcss-scss-4.0.9.tgz",
      "integrity": "sha512-AjKOeiwAitL/MXxQW2DliT28EKukvvbEWx3LBmJIRN8KfBGZbRTxNYW0kSqi1COiTZ57nZ9NW06S6ux//N1c9A==",
      "dev": true,
      "funding": [
        {
          "type": "opencollective",
          "url": "https://opencollective.com/postcss/"
        },
        {
          "type": "tidelift",
          "url": "https://tidelift.com/funding/github/npm/postcss-scss"
        },
        {
          "type": "github",
          "url": "https://github.com/sponsors/ai"
        }
      ],
      "license": "MIT",
      "engines": {
        "node": ">=12.0"
      },
      "peerDependencies": {
        "postcss": "^8.4.29"
      }
    },
    "node_modules/prettier": {
      "version": "3.6.2",
      "resolved": "https://registry.npmjs.org/prettier/-/prettier-3.6.2.tgz",
      "integrity": "sha512-I7AIg5boAr5R0FFtJ6rCfD+LFsWHp81dolrFD8S79U9tb8Az2nGrJncnMSnys+bpQJfRUzqs9hnA81OAA3hCuQ==",
      "dev": true,
      "license": "MIT",
      "bin": {
        "prettier": "bin/prettier.cjs"
      },
      "engines": {
        "node": ">=14"
      },
      "funding": {
        "url": "https://github.com/prettier/prettier?sponsor=1"
      }
    },
    "node_modules/prettier-plugin-css-order": {
      "version": "2.1.2",
      "resolved": "https://registry.npmjs.org/prettier-plugin-css-order/-/prettier-plugin-css-order-2.1.2.tgz",
      "integrity": "sha512-vomxPjHI6pOMYcBuouSJHxxQClJXaUpU9rsV9IAO2wrSTZILRRlrxAAR8t9UF6wtczLkLfNRFUwM+ZbGXOONUA==",
      "dev": true,
      "license": "ISC",
      "dependencies": {
        "css-declaration-sorter": "^7.1.1",
        "postcss-less": "^6.0.0",
        "postcss-scss": "^4.0.9"
      },
      "engines": {
        "node": ">=16"
      },
      "peerDependencies": {
        "prettier": "3.x"
      }
    },
    "node_modules/prettier-plugin-organize-imports": {
      "version": "4.2.0",
      "resolved": "https://registry.npmjs.org/prettier-plugin-organize-imports/-/prettier-plugin-organize-imports-4.2.0.tgz",
      "integrity": "sha512-Zdy27UhlmyvATZi67BTnLcKTo8fm6Oik59Sz6H64PgZJVs6NJpPD1mT240mmJn62c98/QaL+r3kx9Q3gRpDajg==",
      "dev": true,
      "license": "MIT",
      "peerDependencies": {
        "prettier": ">=2.0",
        "typescript": ">=2.9",
        "vue-tsc": "^2.1.0 || 3"
      },
      "peerDependenciesMeta": {
        "vue-tsc": {
          "optional": true
        }
      }
    },
    "node_modules/prettier-plugin-packagejson": {
      "version": "2.5.19",
      "resolved": "https://registry.npmjs.org/prettier-plugin-packagejson/-/prettier-plugin-packagejson-2.5.19.tgz",
      "integrity": "sha512-Qsqp4+jsZbKMpEGZB1UP1pxeAT8sCzne2IwnKkr+QhUe665EXUo3BAvTf1kAPCqyMv9kg3ZmO0+7eOni/C6Uag==",
      "dev": true,
      "license": "MIT",
      "dependencies": {
        "sort-package-json": "3.4.0",
        "synckit": "0.11.11"
      },
      "peerDependencies": {
        "prettier": ">= 1.16.0"
      },
      "peerDependenciesMeta": {
        "prettier": {
          "optional": true
        }
      }
    },
    "node_modules/queue-microtask": {
      "version": "1.2.3",
      "resolved": "https://registry.npmjs.org/queue-microtask/-/queue-microtask-1.2.3.tgz",
      "integrity": "sha512-NuaNSa6flKT5JaSYQzJok04JzTL1CA6aGhv5rfLW3PgqA+M2ChpZQnAC8h8i4ZFkBS8X5RqkDBHA7r4hej3K9A==",
      "funding": [
        {
          "type": "github",
          "url": "https://github.com/sponsors/feross"
        },
        {
          "type": "patreon",
          "url": "https://www.patreon.com/feross"
        },
        {
          "type": "consulting",
          "url": "https://feross.org/support"
        }
      ],
      "license": "MIT"
    },
    "node_modules/reusify": {
      "version": "1.1.0",
      "resolved": "https://registry.npmjs.org/reusify/-/reusify-1.1.0.tgz",
      "integrity": "sha512-g6QUff04oZpHs0eG5p83rFLhHeV00ug/Yf9nZM6fLeUrPguBTkTQOdpAWWspMh55TZfVQDPaN3NQJfbVRAxdIw==",
      "license": "MIT",
      "engines": {
        "iojs": ">=1.0.0",
        "node": ">=0.10.0"
      }
    },
    "node_modules/rimraf": {
      "version": "3.0.2",
      "resolved": "https://registry.npmjs.org/rimraf/-/rimraf-3.0.2.tgz",
      "integrity": "sha512-JZkJMZkAGFFPP2YqXZXPbMlMBgsxzE8ILs4lMIX/2o0L9UBw9O/Y3o6wFw/i9YLapcUJWwqbi3kdxIPdC62TIA==",
      "deprecated": "Rimraf versions prior to v4 are no longer supported",
      "license": "ISC",
      "dependencies": {
        "glob": "^7.1.3"
      },
      "bin": {
        "rimraf": "bin.js"
      },
      "funding": {
        "url": "https://github.com/sponsors/isaacs"
      }
    },
    "node_modules/rimraf/node_modules/glob": {
      "version": "7.2.3",
      "resolved": "https://registry.npmjs.org/glob/-/glob-7.2.3.tgz",
      "integrity": "sha512-nFR0zLpU2YCaRxwoCJvL6UvCH2JFyFVIvwTLsIf21AuHlMskA1hhTdk+LlYJtOlYt9v6dvszD2BGRqBL+iQK9Q==",
      "deprecated": "Glob versions prior to v9 are no longer supported",
      "license": "ISC",
      "dependencies": {
        "fs.realpath": "^1.0.0",
        "inflight": "^1.0.4",
        "inherits": "2",
        "minimatch": "^3.1.1",
        "once": "^1.3.0",
        "path-is-absolute": "^1.0.0"
      },
      "engines": {
        "node": "*"
      },
      "funding": {
        "url": "https://github.com/sponsors/isaacs"
      }
    },
    "node_modules/run-parallel": {
      "version": "1.2.0",
      "resolved": "https://registry.npmjs.org/run-parallel/-/run-parallel-1.2.0.tgz",
      "integrity": "sha512-5l4VyZR86LZ/lDxZTR6jqL8AFE2S0IFLMP26AbjsLVADxHdhB/c0GUsH+y39UfCi3dzz8OlQuPmnaJOMoDHQBA==",
      "funding": [
        {
          "type": "github",
          "url": "https://github.com/sponsors/feross"
        },
        {
          "type": "patreon",
          "url": "https://www.patreon.com/feross"
        },
        {
          "type": "consulting",
          "url": "https://feross.org/support"
        }
      ],
      "license": "MIT",
      "dependencies": {
        "queue-microtask": "^1.2.2"
      }
    },
    "node_modules/semver": {
      "version": "7.7.2",
      "resolved": "https://registry.npmjs.org/semver/-/semver-7.7.2.tgz",
      "integrity": "sha512-RF0Fw+rO5AMf9MAyaRXI4AV0Ulj5lMHqVxxdSgiVbixSCXoEmmX/jk0CuJw4+3SqroYO9VoUh+HcuJivvtJemA==",
      "dev": true,
      "license": "ISC",
      "bin": {
        "semver": "bin/semver.js"
      },
      "engines": {
        "node": ">=10"
      }
    },
    "node_modules/slash": {
      "version": "3.0.0",
      "resolved": "https://registry.npmjs.org/slash/-/slash-3.0.0.tgz",
      "integrity": "sha512-g9Q1haeby36OSStwb4ntCGGGaKsaVSjQ68fBxoQcutl5fS1vuY18H3wSt3jFyFtrkx+Kz0V1G85A4MyAdDMi2Q==",
      "license": "MIT",
      "engines": {
        "node": ">=8"
      }
    },
    "node_modules/sort-object-keys": {
      "version": "1.1.3",
      "resolved": "https://registry.npmjs.org/sort-object-keys/-/sort-object-keys-1.1.3.tgz",
      "integrity": "sha512-855pvK+VkU7PaKYPc+Jjnmt4EzejQHyhhF33q31qG8x7maDzkeFhAAThdCYay11CISO+qAMwjOBP+fPZe0IPyg==",
      "dev": true,
      "license": "MIT"
    },
    "node_modules/sort-package-json": {
      "version": "3.4.0",
      "resolved": "https://registry.npmjs.org/sort-package-json/-/sort-package-json-3.4.0.tgz",
      "integrity": "sha512-97oFRRMM2/Js4oEA9LJhjyMlde+2ewpZQf53pgue27UkbEXfHJnDzHlUxQ/DWUkzqmp7DFwJp8D+wi/TYeQhpA==",
      "dev": true,
      "license": "MIT",
      "dependencies": {
        "detect-indent": "^7.0.1",
        "detect-newline": "^4.0.1",
        "git-hooks-list": "^4.0.0",
        "is-plain-obj": "^4.1.0",
        "semver": "^7.7.1",
        "sort-object-keys": "^1.1.3",
        "tinyglobby": "^0.2.12"
      },
      "bin": {
        "sort-package-json": "cli.js"
      },
      "engines": {
        "node": ">=20"
      }
    },
    "node_modules/sort-package-json/node_modules/is-plain-obj": {
      "version": "4.1.0",
      "resolved": "https://registry.npmjs.org/is-plain-obj/-/is-plain-obj-4.1.0.tgz",
      "integrity": "sha512-+Pgi+vMuUNkJyExiMBt5IlFoMyKnr5zhJ4Uspz58WOhBF5QoIZkFyNHIbBAtHwzVAgk5RtndVNsDRN61/mmDqg==",
      "dev": true,
      "license": "MIT",
      "engines": {
        "node": ">=12"
      },
      "funding": {
        "url": "https://github.com/sponsors/sindresorhus"
      }
    },
    "node_modules/source-map-js": {
      "version": "1.2.1",
      "resolved": "https://registry.npmjs.org/source-map-js/-/source-map-js-1.2.1.tgz",
      "integrity": "sha512-UXWMKhLOwVKb728IUtQPXxfYU+usdybtUrK/8uGE8CQMvrhOpwvzDBwj0QhSL7MQc7vIsISBG8VQ8+IDQxpfQA==",
      "dev": true,
      "license": "BSD-3-Clause",
      "peer": true,
      "engines": {
        "node": ">=0.10.0"
      }
    },
    "node_modules/synckit": {
      "version": "0.11.11",
      "resolved": "https://registry.npmjs.org/synckit/-/synckit-0.11.11.tgz",
      "integrity": "sha512-MeQTA1r0litLUf0Rp/iisCaL8761lKAZHaimlbGK4j0HysC4PLfqygQj9srcs0m2RdtDYnF8UuYyKpbjHYp7Jw==",
      "dev": true,
      "license": "MIT",
      "dependencies": {
        "@pkgr/core": "^0.2.9"
      },
      "engines": {
        "node": "^14.18.0 || >=16.0.0"
      },
      "funding": {
        "url": "https://opencollective.com/synckit"
      }
    },
    "node_modules/tinyglobby": {
      "version": "0.2.14",
      "resolved": "https://registry.npmjs.org/tinyglobby/-/tinyglobby-0.2.14.tgz",
      "integrity": "sha512-tX5e7OM1HnYr2+a2C/4V0htOcSQcoSTH9KgJnVvNm5zm/cyEWKJ7j7YutsH9CxMdtOkkLFy2AHrMci9IM8IPZQ==",
      "dev": true,
      "license": "MIT",
      "dependencies": {
        "fdir": "^6.4.4",
        "picomatch": "^4.0.2"
      },
      "engines": {
        "node": ">=12.0.0"
      },
      "funding": {
        "url": "https://github.com/sponsors/SuperchupuDev"
      }
    },
    "node_modules/tinyglobby/node_modules/fdir": {
      "version": "6.4.6",
      "resolved": "https://registry.npmjs.org/fdir/-/fdir-6.4.6.tgz",
      "integrity": "sha512-hiFoqpyZcfNm1yc4u8oWCf9A2c4D3QjCrks3zmoVKVxpQRzmPNar1hUJcBG2RQHvEVGDN+Jm81ZheVLAQMK6+w==",
      "dev": true,
      "license": "MIT",
      "peerDependencies": {
        "picomatch": "^3 || ^4"
      },
      "peerDependenciesMeta": {
        "picomatch": {
          "optional": true
        }
      }
    },
    "node_modules/tinyglobby/node_modules/picomatch": {
      "version": "4.0.2",
      "resolved": "https://registry.npmjs.org/picomatch/-/picomatch-4.0.2.tgz",
      "integrity": "sha512-M7BAV6Rlcy5u+m6oPhAPFgJTzAioX/6B0DxyvDlo9l8+T3nLKbrczg2WLUyzd45L8RqfUMyGPzekbMvX2Ldkwg==",
      "dev": true,
      "license": "MIT",
      "engines": {
        "node": ">=12"
      },
      "funding": {
        "url": "https://github.com/sponsors/jonschlinkert"
      }
    },
    "node_modules/to-regex-range": {
      "version": "5.0.1",
      "resolved": "https://registry.npmjs.org/to-regex-range/-/to-regex-range-5.0.1.tgz",
      "integrity": "sha512-65P7iz6X5yEr1cwcgvQxbbIw7Uk3gOy5dIdtZ4rDveLqhrdJP+Li/Hx6tyK0NEb+2GCyneCMJiGqrADCSNk8sQ==",
      "license": "MIT",
      "dependencies": {
        "is-number": "^7.0.0"
      },
      "engines": {
        "node": ">=8.0"
      }
    },
    "node_modules/typescript": {
      "version": "5.9.2",
      "resolved": "https://registry.npmjs.org/typescript/-/typescript-5.9.2.tgz",
      "integrity": "sha512-CWBzXQrc/qOkhidw1OzBTQuYRbfyxDXJMVJ1XNwUHGROVmuaeiEm3OslpZ1RV96d7SKKjZKrSJu3+t/xlw3R9A==",
      "dev": true,
      "license": "Apache-2.0",
      "peer": true,
      "bin": {
        "tsc": "bin/tsc",
        "tsserver": "bin/tsserver"
      },
      "engines": {
        "node": ">=14.17"
      }
    },
    "node_modules/wrappy": {
      "version": "1.0.2",
      "resolved": "https://registry.npmjs.org/wrappy/-/wrappy-1.0.2.tgz",
      "integrity": "sha512-l4Sp/DRseor9wL6EvV2+TuQn63dMkPjZ/sp9XkghTEbV9KlPS1xUsZ3u7/IQO4wxtcFB4bgpQPRcR3QCvezPcQ==",
      "license": "ISC"
    }
  }
}
